# This file is generated by running "yarn install" inside your project.
# Manual changes might be lost - proceed with caution!

__metadata:
  version: 8
  cacheKey: 10c0

"@cronvel/get-pixels@npm:^3.4.1":
  version: 3.4.1
  resolution: "@cronvel/get-pixels@npm:3.4.1"
  dependencies:
    jpeg-js: "npm:^0.4.4"
    ndarray: "npm:^1.0.19"
    ndarray-pack: "npm:^1.1.1"
    node-bitmap: "npm:0.0.1"
    omggif: "npm:^1.0.10"
    pngjs: "npm:^6.0.0"
  checksum: 10c0/a813b8c514bdb6d0151d1523d6a55893b347d0d054d1cca7bc6b2064bb1baad912e176a25a950f51c67b38d7101d1b8192d3f097a37cc1b049dd3b9fe6428f3c
  languageName: node
  linkType: hard

"chroma-js@npm:^2.4.2":
  version: 2.6.0
  resolution: "chroma-js@npm:2.6.0"
  checksum: 10c0/6e17f43246f9b3eba8a9db67f5ee9a2d0ef1360077211887da09ec1f0934bb98a358eefaf021003c0bd47cbab540f573a373f362d6b2ba04d0e80ab7677e1640
  languageName: node
  linkType: hard

"cwise-compiler@npm:^1.1.2":
  version: 1.1.3
  resolution: "cwise-compiler@npm:1.1.3"
  dependencies:
    uniq: "npm:^1.0.0"
  checksum: 10c0/91f38981c4c311cb55f2652d7f7cb31ab2d0bdcca556ac58d7085d43130713dfc19a1d4f5461a751e081ff112a4ada9ff01fa9566ad1c4461323ac7516e1f5cf
  languageName: node
  linkType: hard

"iota-array@npm:^1.0.0":
  version: 1.0.0
  resolution: "iota-array@npm:1.0.0"
  checksum: 10c0/a6bfc7d5bf0338ade227b302eda52cea3db44cc6dd5803154147cdcee28e9cb65ca76c5859ab2bfe21d91ecc945c57a0dd446bbc657581bbdf92cda9c24def56
  languageName: node
  linkType: hard

"is-buffer@npm:^1.0.2":
  version: 1.1.6
  resolution: "is-buffer@npm:1.1.6"
  checksum: 10c0/ae18aa0b6e113d6c490ad1db5e8df9bdb57758382b313f5a22c9c61084875c6396d50bbf49315f5b1926d142d74dfb8d31b40d993a383e0a158b15fea7a82234
  languageName: node
  linkType: hard

"jpeg-js@npm:^0.4.4":
  version: 0.4.4
  resolution: "jpeg-js@npm:0.4.4"
  checksum: 10c0/4d0d5097f8e55d8bbce6f1dc32ffaf3f43f321f6222e4e6490734fdc6d005322e3bd6fb992c2df7f5b587343b1441a1c333281dc3285bc9116e369fd2a2b43a7
  languageName: node
  linkType: hard

"lazyness@npm:^1.2.0":
  version: 1.2.0
  resolution: "lazyness@npm:1.2.0"
  checksum: 10c0/d54e88283788e3d73a9c5a9832dfcebf694308b2e7035561febbb9f20e14e347d543e9ecabf622f1a9d0595fa039d2d4fdff6e6565d7ae09cc0fd0eaef986d60
  languageName: node
  linkType: hard

"ndarray-pack@npm:^1.1.1":
  version: 1.2.1
  resolution: "ndarray-pack@npm:1.2.1"
  dependencies:
    cwise-compiler: "npm:^1.1.2"
    ndarray: "npm:^1.0.13"
  checksum: 10c0/1e312c4f00033f076c7b5702a7ec3a56135e25dd277409791b8b89d928561190600dd12749c698990acad3d6098031a0f22f9aba075933a750893cb531c48a6e
  languageName: node
  linkType: hard

"ndarray@npm:^1.0.13, ndarray@npm:^1.0.19":
  version: 1.0.19
  resolution: "ndarray@npm:1.0.19"
  dependencies:
    iota-array: "npm:^1.0.0"
    is-buffer: "npm:^1.0.2"
  checksum: 10c0/e5929a845dae326052ff024f4f624b5f81e0be750224495baa0c7a02afd4e1117198452465c052f0bd111358b05c15655a797ec959dbbbe042c6ae573de09046
  languageName: node
  linkType: hard

"nextgen-events@npm:^1.5.3":
  version: 1.5.3
  resolution: "nextgen-events@npm:1.5.3"
  checksum: 10c0/bfc55a0c10e5342247f53f6044b786d721414e35b6d1f82d4562e3b316dd4f800106d31ca1359b05521c1da81b0acf8b18573c564e63ab079a42643526f383a5
  languageName: node
  linkType: hard

"ngc-prototype@workspace:.":
  version: 0.0.0-use.local
  resolution: "ngc-prototype@workspace:."
  dependencies:
    terminal-kit: "npm:^3.1.2"
  languageName: unknown
  linkType: soft

"node-bitmap@npm:0.0.1":
  version: 0.0.1
  resolution: "node-bitmap@npm:0.0.1"
  checksum: 10c0/b45dc6bf1b51209359165ac546d31e7f43fdec386839637aa15d66a2cf4fa8ccb7d0c9c7d0eb180747ef02e5612c04cfecbf61c2756ba4ba79a555a06a18ba6f
  languageName: node
  linkType: hard

"omggif@npm:^1.0.10":
  version: 1.0.10
  resolution: "omggif@npm:1.0.10"
  checksum: 10c0/5ddb6959555bf16ac93ee8724a6f600b0e97e77855515af9df0f657c69ebe0eb7d769763fdc4765f888827e4e64ca71ebeaf7255c7f51058e4bba5cc7950fe8e
  languageName: node
  linkType: hard

"pngjs@npm:^6.0.0":
  version: 6.0.0
  resolution: "pngjs@npm:6.0.0"
  checksum: 10c0/ac23ea329b1881d1a10575aff58116dc27b894ec3f5b84ba15c7f527d21e609fbce7ba16d48f8ccb86c7ce45ceed622472765476ab2875949d4bec55e153f87a
  languageName: node
  linkType: hard

"setimmediate@npm:^1.0.5":
  version: 1.0.5
  resolution: "setimmediate@npm:1.0.5"
  checksum: 10c0/5bae81bfdbfbd0ce992893286d49c9693c82b1bcc00dcaaf3a09c8f428fdeacf4190c013598b81875dfac2b08a572422db7df779a99332d0fce186d15a3e4d49
  languageName: node
  linkType: hard

"seventh@npm:^0.9.2":
  version: 0.9.2
  resolution: "seventh@npm:0.9.2"
  dependencies:
    setimmediate: "npm:^1.0.5"
  checksum: 10c0/10ff7d31cb65afe50a14252504cc2436584c30b038cf3eb39a78e3207b5b977637af6fcded9ee9a8b3a285fc2aa527bf3dbc8235859718d3e3d1765e2b4b2489
  languageName: node
  linkType: hard

"string-kit@npm:^0.19.0":
  version: 0.19.2
  resolution: "string-kit@npm:0.19.2"
  checksum: 10c0/d4d1c7e245b7f672ff573282c52bfc7af7d37f8ca0b9e9a7b048d47c3451c786608ccc4734992bea2883574f5e8803c3e1c5ee7ca8ee1a6b8d7d55b0eb366e87
  languageName: node
  linkType: hard

"terminal-kit@npm:^3.1.2":
  version: 3.1.2
  resolution: "terminal-kit@npm:3.1.2"
  dependencies:
    "@cronvel/get-pixels": "npm:^3.4.1"
    chroma-js: "npm:^2.4.2"
    lazyness: "npm:^1.2.0"
    ndarray: "npm:^1.0.19"
    nextgen-events: "npm:^1.5.3"
    seventh: "npm:^0.9.2"
    string-kit: "npm:^0.19.0"
    tree-kit: "npm:^0.8.7"
  checksum: 10c0/ab7f4e136e958b8576a89bfbf7ba976992a9a445cac75b4fc18c8aeb8b027ea50f756daf78abf30895f3ccdb35c03677719b7a2c54af8e6214f84e0a7a90bd4e
  languageName: node
  linkType: hard

"tree-kit@npm:^0.8.7":
  version: 0.8.8
  resolution: "tree-kit@npm:0.8.8"
  checksum: 10c0/751e4b0e72afdc656db6cafc9d46f037c992f72533152522e731fcbc2ff3f9c4b05c43f4617a1527406108eaef6e482dd1ab59e1a407e66404d1eb66aae087e0
  languageName: node
  linkType: hard

"uniq@npm:^1.0.0":
  version: 1.0.1
  resolution: "uniq@npm:1.0.1"
  checksum: 10c0/369dca4a07fdd8de9e48378b9d4b6861722ca71d5f496e91687916bd4b48b8cf3d6db1677be1b40eea63bc6d4728efb4b4e0bd7a89c5fd2d23e7a2cff8009c7a
  languageName: node
  linkType: hard
